<?xml version="1.0" encoding="utf-8"?>
<Project ToolsVersion="4.0" xmlns="http://schemas.microsoft.com/developer/msbuild/2003">
  <ItemGroup>
    <Filter Include="Source Files">
      <UniqueIdentifier>{4FC737F1-C7A5-4376-A066-2A32D752A2FF}</UniqueIdentifier>
      <Extensions>cpp;cxx;c;def</Extensions>
    </Filter>
    <Filter Include="Header Files">
      <UniqueIdentifier>{93995380-89BD-4b04-88EB-625FBE52EBFB}</UniqueIdentifier>
      <Extensions>h</Extensions>
    </Filter>
    <Filter Include="Form Files">
      <UniqueIdentifier>{99349809-55BA-4b9d-BF79-8FDBB0286EB3}</UniqueIdentifier>
      <Extensions>ui</Extensions>
    </Filter>
    <Filter Include="Resource Files">
      <UniqueIdentifier>{D9D6E242-F8AF-46E4-B9FD-80ECBC20BA3E}</UniqueIdentifier>
      <Extensions>qrc;*</Extensions>
      <ParseFiles>false</ParseFiles>
    </Filter>
    <Filter Include="Generated Files">
      <UniqueIdentifier>{71ED8ED8-ACB9-4CE9-BBE1-E00B30144E11}</UniqueIdentifier>
      <Extensions>moc;h;cpp</Extensions>
      <SourceControlFiles>False</SourceControlFiles>
    </Filter>
    <Filter Include="Generated Files\Debug">
      <UniqueIdentifier>{70d0a09c-41b0-4cc1-8b2a-376d51d6b7fc}</UniqueIdentifier>
      <Extensions>cpp;moc</Extensions>
      <SourceControlFiles>False</SourceControlFiles>
    </Filter>
    <Filter Include="Generated Files\Release">
      <UniqueIdentifier>{9e5f4cb6-debd-4435-bd5f-e77fe09c39ae}</UniqueIdentifier>
      <Extensions>cpp;moc</Extensions>
      <SourceControlFiles>False</SourceControlFiles>
    </Filter>
  </ItemGroup>
  <ItemGroup>
    <ClCompile Include="main.cpp">
      <Filter>Source Files</Filter>
    </ClCompile>
    <ClCompile Include="mainwindow.cpp">
      <Filter>Source Files</Filter>
    </ClCompile>
    <ClCompile Include="GeneratedFiles\Debug\moc_mainwindow.cpp">
      <Filter>Generated Files\Debug</Filter>
    </ClCompile>
    <ClCompile Include="GeneratedFiles\Release\moc_mainwindow.cpp">
      <Filter>Generated Files\Release</Filter>
    </ClCompile>
    <ClCompile Include="GeneratedFiles\qrc_mainwindow.cpp">
      <Filter>Generated Files</Filter>
    </ClCompile>
    <ClCompile Include="db_tree\ccDBRoot.cpp">
      <Filter>Source Files</Filter>
    </ClCompile>
    <ClCompile Include="db_tree\ccPropertiesTreeDelegate.cpp">
      <Filter>Source Files</Filter>
    </ClCompile>
    <ClCompile Include="db_tree\matrixDisplayDlg.cpp">
      <Filter>Source Files</Filter>
    </ClCompile>
    <ClCompile Include="ccColorScaleEditorDlg.cpp">
      <Filter>Source Files</Filter>
    </ClCompile>
    <ClCompile Include="GeneratedFiles\Debug\moc_ccColorScaleEditorDlg.cpp">
      <Filter>Generated Files\Debug</Filter>
    </ClCompile>
    <ClCompile Include="GeneratedFiles\Release\moc_ccColorScaleEditorDlg.cpp">
      <Filter>Generated Files\Release</Filter>
    </ClCompile>
    <ClCompile Include="ccColorScaleSelector.cpp">
      <Filter>Source Files</Filter>
    </ClCompile>
    <ClCompile Include="GeneratedFiles\Debug\moc_ccColorScaleSelector.cpp">
      <Filter>Generated Files\Debug</Filter>
    </ClCompile>
    <ClCompile Include="GeneratedFiles\Release\moc_ccColorScaleSelector.cpp">
      <Filter>Generated Files\Release</Filter>
    </ClCompile>
    <ClCompile Include="ccColorScaleEditorWidget.cpp">
      <Filter>Source Files</Filter>
    </ClCompile>
    <ClCompile Include="GeneratedFiles\Debug\moc_ccColorScaleEditorWidget.cpp">
      <Filter>Generated Files\Debug</Filter>
    </ClCompile>
    <ClCompile Include="GeneratedFiles\Release\moc_ccColorScaleEditorWidget.cpp">
      <Filter>Generated Files\Release</Filter>
    </ClCompile>
    <ClCompile Include="ccDisplayOptionsDlg.cpp">
      <Filter>Source Files</Filter>
    </ClCompile>
    <ClCompile Include="GeneratedFiles\Debug\moc_ccDisplayOptionsDlg.cpp">
      <Filter>Generated Files\Debug</Filter>
    </ClCompile>
    <ClCompile Include="GeneratedFiles\Release\moc_ccDisplayOptionsDlg.cpp">
      <Filter>Generated Files\Release</Filter>
    </ClCompile>
    <ClCompile Include="libs\qCC_db\ccColorScalesManager.cpp">
      <Filter>Source Files</Filter>
    </ClCompile>
    <ClCompile Include="libs\qCC_db\ccColorScale.cpp">
      <Filter>Source Files</Filter>
    </ClCompile>
    <ClCompile Include="libs\qCC_db\ccLog.cpp">
      <Filter>Source Files</Filter>
    </ClCompile>
    <ClCompile Include="libs\qCC_db\cc2DLabel.cpp">
      <Filter>Source Files</Filter>
    </ClCompile>
    <ClCompile Include="libs\qCC_db\cc2DViewportLabel.cpp">
      <Filter>Source Files</Filter>
    </ClCompile>
    <ClCompile Include="libs\qCC_db\cc2DViewportObject.cpp">
      <Filter>Source Files</Filter>
    </ClCompile>
    <ClCompile Include="libs\qCC_db\ccBBox.cpp">
      <Filter>Source Files</Filter>
    </ClCompile>
    <ClCompile Include="libs\qCC_db\ccCameraSensor.cpp">
      <Filter>Source Files</Filter>
    </ClCompile>
    <ClCompile Include="libs\qCC_db\ccCone.cpp">
      <Filter>Source Files</Filter>
    </ClCompile>
    <ClCompile Include="libs\qCC_db\ccDrawableObject.cpp">
      <Filter>Source Files</Filter>
    </ClCompile>
    <ClCompile Include="libs\qCC_db\ccFacet.cpp">
      <Filter>Source Files</Filter>
    </ClCompile>
    <ClCompile Include="libs\qCC_db\ccGBLSensor.cpp">
      <Filter>Source Files</Filter>
    </ClCompile>
    <ClCompile Include="libs\qCC_db\ccGenericGLDisplay.cpp">
      <Filter>Source Files</Filter>
    </ClCompile>
    <ClCompile Include="libs\qCC_db\ccGenericMesh.cpp">
      <Filter>Source Files</Filter>
    </ClCompile>
    <ClCompile Include="libs\qCC_db\ccGenericPointCloud.cpp">
      <Filter>Source Files</Filter>
    </ClCompile>
    <ClCompile Include="libs\qCC_db\ccGenericPrimitive.cpp">
      <Filter>Source Files</Filter>
    </ClCompile>
    <ClCompile Include="libs\qCC_db\ccHObject.cpp">
      <Filter>Source Files</Filter>
    </ClCompile>
    <ClCompile Include="libs\qCC_db\ccHObjectCaster.cpp">
      <Filter>Source Files</Filter>
    </ClCompile>
    <ClCompile Include="libs\qCC_db\ccImage.cpp">
      <Filter>Source Files</Filter>
    </ClCompile>
    <ClCompile Include="libs\qCC_db\ccIndexedTransformation.cpp">
      <Filter>Source Files</Filter>
    </ClCompile>
    <ClCompile Include="libs\qCC_db\ccIndexedTransformationBuffer.cpp">
      <Filter>Source Files</Filter>
    </ClCompile>
    <ClCompile Include="libs\qCC_db\ccKdTree.cpp">
      <Filter>Source Files</Filter>
    </ClCompile>
    <ClCompile Include="libs\qCC_db\ccMaterial.cpp">
      <Filter>Source Files</Filter>
    </ClCompile>
    <ClCompile Include="libs\qCC_db\ccMaterialSet.cpp">
      <Filter>Source Files</Filter>
    </ClCompile>
    <ClCompile Include="libs\qCC_db\ccMesh.cpp">
      <Filter>Source Files</Filter>
    </ClCompile>
    <ClCompile Include="libs\qCC_db\ccObject.cpp">
      <Filter>Source Files</Filter>
    </ClCompile>
    <ClCompile Include="libs\qCC_db\ccOctree.cpp">
      <Filter>Source Files</Filter>
    </ClCompile>
    <ClCompile Include="libs\qCC_db\ccPlane.cpp">
      <Filter>Source Files</Filter>
    </ClCompile>
    <ClCompile Include="libs\qCC_db\ccPointCloud.cpp">
      <Filter>Source Files</Filter>
    </ClCompile>
    <ClCompile Include="libs\qCC_db\ccPolyline.cpp">
      <Filter>Source Files</Filter>
    </ClCompile>
    <ClCompile Include="libs\qCC_db\ccScalarField.cpp">
      <Filter>Source Files</Filter>
    </ClCompile>
    <ClCompile Include="libs\qCC_db\ccSensor.cpp">
      <Filter>Source Files</Filter>
    </ClCompile>
    <ClCompile Include="libs\qCC_db\ccShiftedObject.cpp">
      <Filter>Source Files</Filter>
    </ClCompile>
    <ClCompile Include="libs\qCC_db\ccSphere.cpp">
      <Filter>Source Files</Filter>
    </ClCompile>
    <ClCompile Include="libs\qCC_db\ccSubMesh.cpp">
      <Filter>Source Files</Filter>
    </ClCompile>
    <ClCompile Include="libs\CCFbo\src\ccBilateralFilter.cpp">
      <Filter>Source Files</Filter>
    </ClCompile>
    <ClCompile Include="libs\CCFbo\src\ccFBOUtils.cpp">
      <Filter>Source Files</Filter>
    </ClCompile>
    <ClCompile Include="libs\CCFbo\src\ccFrameBufferObject.cpp">
      <Filter>Source Files</Filter>
    </ClCompile>
    <ClCompile Include="libs\CCFbo\src\ccShader.cpp">
      <Filter>Source Files</Filter>
    </ClCompile>
    <ClCompile Include="libs\Glew\src\glew.c">
      <Filter>Source Files</Filter>
    </ClCompile>
    <ClCompile Include="libs\qCC_db\ccBox.cpp">
      <Filter>Source Files</Filter>
    </ClCompile>
    <ClCompile Include="libs\qCC_db\ccCylinder.cpp">
      <Filter>Source Files</Filter>
    </ClCompile>
    <ClCompile Include="libs\qCC_db\ccDish.cpp">
      <Filter>Source Files</Filter>
    </ClCompile>
    <ClCompile Include="libs\qCC_db\ccExternalFactory.cpp">
      <Filter>Source Files</Filter>
    </ClCompile>
    <ClCompile Include="libs\qCC_db\ccExtru.cpp">
      <Filter>Source Files</Filter>
    </ClCompile>
    <ClCompile Include="libs\qCC_db\ccMeshGroup.cpp">
      <Filter>Source Files</Filter>
    </ClCompile>
    <ClCompile Include="libs\qCC_db\ccNormalVectors.cpp">
      <Filter>Source Files</Filter>
    </ClCompile>
    <ClCompile Include="libs\qCC_db\ccProgressDialog.cpp">
      <Filter>Source Files</Filter>
    </ClCompile>
    <ClCompile Include="libs\qCC_db\ccQuadric.cpp">
      <Filter>Source Files</Filter>
    </ClCompile>
    <ClCompile Include="libs\qCC_db\ccTorus.cpp">
      <Filter>Source Files</Filter>
    </ClCompile>
    <ClCompile Include="libs\qCC_glWindow\ccGLUtils.cpp">
      <Filter>Source Files</Filter>
    </ClCompile>
    <ClCompile Include="libs\qCC_glWindow\ccGLWindow.cpp">
      <Filter>Source Files</Filter>
    </ClCompile>
    <ClCompile Include="libs\qCC_glWindow\ccGuiParameters.cpp">
      <Filter>Source Files</Filter>
    </ClCompile>
    <ClCompile Include="libs\qCC_glWindow\ccRenderingTools.cpp">
      <Filter>Source Files</Filter>
    </ClCompile>
    <ClCompile Include="libs\qCC_db\ccTimer.cpp">
      <Filter>Source Files</Filter>
    </ClCompile>
    <ClCompile Include="libs\qCC_db\ccClipBox.cpp">
      <Filter>Source Files</Filter>
    </ClCompile>
    <ClCompile Include="db_tree\sfEditDlg.cpp">
      <Filter>Source Files</Filter>
    </ClCompile>
    <ClCompile Include="ccHistogramWindow.cpp">
      <Filter>Source Files</Filter>
    </ClCompile>
    <ClCompile Include="GeneratedFiles\Debug\moc_ccHistogramWindow.cpp">
      <Filter>Generated Files\Debug</Filter>
    </ClCompile>
    <ClCompile Include="GeneratedFiles\Release\moc_ccHistogramWindow.cpp">
      <Filter>Generated Files\Release</Filter>
    </ClCompile>
    <ClCompile Include="IGIT\src\ReferenceCloud.cpp">
      <Filter>Source Files</Filter>
    </ClCompile>
    <ClCompile Include="IGIT\src\AutoSegmentationTools.cpp">
      <Filter>Source Files</Filter>
    </ClCompile>
    <ClCompile Include="IGIT\src\CCMiscTools.cpp">
      <Filter>Source Files</Filter>
    </ClCompile>
    <ClCompile Include="IGIT\src\CCShareable.cpp">
      <Filter>Source Files</Filter>
    </ClCompile>
    <ClCompile Include="IGIT\src\ChamferDistanceTransform.cpp">
      <Filter>Source Files</Filter>
    </ClCompile>
    <ClCompile Include="IGIT\src\ChunkedPointCloud.cpp">
      <Filter>Source Files</Filter>
    </ClCompile>
    <ClCompile Include="IGIT\src\CloudSamplingTools.cpp">
      <Filter>Source Files</Filter>
    </ClCompile>
    <ClCompile Include="IGIT\src\DebugProgressCallback.cpp">
      <Filter>Source Files</Filter>
    </ClCompile>
    <ClCompile Include="IGIT\src\Delaunay2dMesh.cpp">
      <Filter>Source Files</Filter>
    </ClCompile>
    <ClCompile Include="IGIT\src\DgmOctree.cpp">
      <Filter>Source Files</Filter>
    </ClCompile>
    <ClCompile Include="IGIT\src\DgmOctreeReferenceCloud.cpp">
      <Filter>Source Files</Filter>
    </ClCompile>
    <ClCompile Include="IGIT\src\DistanceComputationTools.cpp">
      <Filter>Source Files</Filter>
    </ClCompile>
    <ClCompile Include="IGIT\src\ErrorFunction.cpp">
      <Filter>Source Files</Filter>
    </ClCompile>
    <ClCompile Include="IGIT\src\FastMarching.cpp">
      <Filter>Source Files</Filter>
    </ClCompile>
    <ClCompile Include="IGIT\src\FastMarchingForPropagation.cpp">
      <Filter>Source Files</Filter>
    </ClCompile>
    <ClCompile Include="IGIT\src\GeometricalAnalysisTools.cpp">
      <Filter>Source Files</Filter>
    </ClCompile>
    <ClCompile Include="IGIT\src\KdTree.cpp">
      <Filter>Source Files</Filter>
    </ClCompile>
    <ClCompile Include="IGIT\src\LocalModel.cpp">
      <Filter>Source Files</Filter>
    </ClCompile>
    <ClCompile Include="IGIT\src\ManualSegmentationTools.cpp">
      <Filter>Source Files</Filter>
    </ClCompile>
    <ClCompile Include="IGIT\src\MeshSamplingTools.cpp">
      <Filter>Source Files</Filter>
    </ClCompile>
    <ClCompile Include="IGIT\src\Neighbourhood.cpp">
      <Filter>Source Files</Filter>
    </ClCompile>
    <ClCompile Include="IGIT\src\NormalDistribution.cpp">
      <Filter>Source Files</Filter>
    </ClCompile>
    <ClCompile Include="IGIT\src\PointProjectionTools.cpp">
      <Filter>Source Files</Filter>
    </ClCompile>
    <ClCompile Include="IGIT\src\Polyline.cpp">
      <Filter>Source Files</Filter>
    </ClCompile>
    <ClCompile Include="IGIT\src\RegistrationTools.cpp">
      <Filter>Source Files</Filter>
    </ClCompile>
    <ClCompile Include="IGIT\src\ScalarField.cpp">
      <Filter>Source Files</Filter>
    </ClCompile>
    <ClCompile Include="IGIT\src\ScalarFieldTools.cpp">
      <Filter>Source Files</Filter>
    </ClCompile>
    <ClCompile Include="IGIT\src\SimpleCloud.cpp">
      <Filter>Source Files</Filter>
    </ClCompile>
    <ClCompile Include="IGIT\src\SimpleMesh.cpp">
      <Filter>Source Files</Filter>
    </ClCompile>
    <ClCompile Include="IGIT\src\StatisticalTestingTools.cpp">
      <Filter>Source Files</Filter>
    </ClCompile>
    <ClCompile Include="IGIT\src\TrueKdTree.cpp">
      <Filter>Source Files</Filter>
    </ClCompile>
    <ClCompile Include="IGIT\src\WeibullDistribution.cpp">
      <Filter>Source Files</Filter>
    </ClCompile>
    <ClCompile Include="IGIT\triangle\triangle.cpp">
      <Filter>Source Files</Filter>
    </ClCompile>
    <ClCompile Include="libs\qcustomplot\qcustomplot.cpp">
      <Filter>Source Files</Filter>
    </ClCompile>
    <ClCompile Include="GeneratedFiles\Debug\moc_qcustomplot.cpp">
      <Filter>Generated Files\Debug</Filter>
    </ClCompile>
    <ClCompile Include="GeneratedFiles\Release\moc_qcustomplot.cpp">
      <Filter>Generated Files\Release</Filter>
    </ClCompile>
    <ClCompile Include="GeneratedFiles\Debug\moc_ccGLWindow.cpp">
      <Filter>Generated Files\Debug</Filter>
    </ClCompile>
    <ClCompile Include="GeneratedFiles\Release\moc_ccGLWindow.cpp">
      <Filter>Generated Files\Release</Filter>
    </ClCompile>
    <ClCompile Include="GeneratedFiles\Debug\moc_ccProgressDialog.cpp">
      <Filter>Generated Files\Debug</Filter>
    </ClCompile>
    <ClCompile Include="GeneratedFiles\Release\moc_ccProgressDialog.cpp">
      <Filter>Generated Files\Release</Filter>
    </ClCompile>
    <ClCompile Include="GeneratedFiles\Debug\moc_ccOctree.cpp">
      <Filter>Generated Files\Debug</Filter>
    </ClCompile>
    <ClCompile Include="GeneratedFiles\Release\moc_ccOctree.cpp">
      <Filter>Generated Files\Release</Filter>
    </ClCompile>
    <ClCompile Include="GeneratedFiles\Debug\moc_ccClipBox.cpp">
      <Filter>Generated Files\Debug</Filter>
    </ClCompile>
    <ClCompile Include="GeneratedFiles\Release\moc_ccClipBox.cpp">
      <Filter>Generated Files\Release</Filter>
    </ClCompile>
    <ClCompile Include="GeneratedFiles\Debug\moc_matrixDisplayDlg.cpp">
      <Filter>Generated Files\Debug</Filter>
    </ClCompile>
    <ClCompile Include="GeneratedFiles\Release\moc_matrixDisplayDlg.cpp">
      <Filter>Generated Files\Release</Filter>
    </ClCompile>
    <ClCompile Include="GeneratedFiles\Debug\moc_sfEditDlg.cpp">
      <Filter>Generated Files\Debug</Filter>
    </ClCompile>
    <ClCompile Include="GeneratedFiles\Release\moc_sfEditDlg.cpp">
      <Filter>Generated Files\Release</Filter>
    </ClCompile>
    <ClCompile Include="GeneratedFiles\Debug\moc_ccDBRoot.cpp">
      <Filter>Generated Files\Debug</Filter>
    </ClCompile>
    <ClCompile Include="GeneratedFiles\Release\moc_ccDBRoot.cpp">
      <Filter>Generated Files\Release</Filter>
    </ClCompile>
    <ClCompile Include="GeneratedFiles\Debug\moc_ccPropertiesTreeDelegate.cpp">
      <Filter>Generated Files\Debug</Filter>
    </ClCompile>
    <ClCompile Include="GeneratedFiles\Release\moc_ccPropertiesTreeDelegate.cpp">
      <Filter>Generated Files\Release</Filter>
    </ClCompile>
    <ClCompile Include="libs\qCC_io\AsciiFilter.cpp">
      <Filter>Source Files</Filter>
    </ClCompile>
    <ClCompile Include="libs\qCC_io\AsciiOpenDlg.cpp">
      <Filter>Source Files</Filter>
    </ClCompile>
    <ClCompile Include="GeneratedFiles\Debug\moc_AsciiOpenDlg.cpp">
      <Filter>Generated Files\Debug</Filter>
    </ClCompile>
    <ClCompile Include="GeneratedFiles\Release\moc_AsciiOpenDlg.cpp">
      <Filter>Generated Files\Release</Filter>
    </ClCompile>
    <ClCompile Include="libs\qCC_io\AsciiSaveDlg.cpp">
      <Filter>Source Files</Filter>
    </ClCompile>
    <ClCompile Include="GeneratedFiles\Debug\moc_AsciiSaveDlg.cpp">
      <Filter>Generated Files\Debug</Filter>
    </ClCompile>
    <ClCompile Include="GeneratedFiles\Release\moc_AsciiSaveDlg.cpp">
      <Filter>Generated Files\Release</Filter>
    </ClCompile>
    <ClCompile Include="libs\qCC_io\BinFilter.cpp">
      <Filter>Source Files</Filter>
    </ClCompile>
    <ClCompile Include="libs\qCC_io\BundlerFilter.cpp">
      <Filter>Source Files</Filter>
    </ClCompile>
    <ClCompile Include="libs\qCC_io\BundlerImportDlg.cpp">
      <Filter>Source Files</Filter>
    </ClCompile>
    <ClCompile Include="GeneratedFiles\Debug\moc_BundlerImportDlg.cpp">
      <Filter>Generated Files\Debug</Filter>
    </ClCompile>
    <ClCompile Include="GeneratedFiles\Release\moc_BundlerImportDlg.cpp">
      <Filter>Generated Files\Release</Filter>
    </ClCompile>
    <ClCompile Include="libs\qCC_io\ccGlobalShiftManager.cpp">
      <Filter>Source Files</Filter>
    </ClCompile>
    <ClCompile Include="libs\qCC_io\ccShiftAndScaleCloudDlg.cpp">
      <Filter>Source Files</Filter>
    </ClCompile>
    <ClCompile Include="GeneratedFiles\Debug\moc_ccShiftAndScaleCloudDlg.cpp">
      <Filter>Generated Files\Debug</Filter>
    </ClCompile>
    <ClCompile Include="GeneratedFiles\Release\moc_ccShiftAndScaleCloudDlg.cpp">
      <Filter>Generated Files\Release</Filter>
    </ClCompile>
    <ClCompile Include="libs\qCC_io\DepthMapFileFilter.cpp">
      <Filter>Source Files</Filter>
    </ClCompile>
    <ClCompile Include="libs\qCC_io\DxfFilter.cpp">
      <Filter>Source Files</Filter>
    </ClCompile>
    <ClCompile Include="libs\qCC_io\E57Filter.cpp">
      <Filter>Source Files</Filter>
    </ClCompile>
    <ClCompile Include="libs\qCC_io\FBXFilter.cpp">
      <Filter>Source Files</Filter>
    </ClCompile>
    <ClCompile Include="libs\qCC_io\FileIOFilter.cpp">
      <Filter>Source Files</Filter>
    </ClCompile>
    <ClCompile Include="libs\qCC_io\IcmFilter.cpp">
      <Filter>Source Files</Filter>
    </ClCompile>
    <ClCompile Include="libs\qCC_io\ImageFileFilter.cpp">
      <Filter>Source Files</Filter>
    </ClCompile>
    <ClCompile Include="libs\qCC_io\LASFilter.cpp">
      <Filter>Source Files</Filter>
    </ClCompile>
    <ClCompile Include="libs\qCC_io\LASOpenDlg.cpp">
      <Filter>Source Files</Filter>
    </ClCompile>
    <ClCompile Include="libs\qCC_io\MAFilter.cpp">
      <Filter>Source Files</Filter>
    </ClCompile>
    <ClCompile Include="libs\qCC_io\MascaretFilter.cpp">
      <Filter>Source Files</Filter>
    </ClCompile>
    <ClCompile Include="libs\qCC_io\ObjFilter.cpp">
      <Filter>Source Files</Filter>
    </ClCompile>
    <ClCompile Include="libs\qCC_io\OFFFilter.cpp">
      <Filter>Source Files</Filter>
    </ClCompile>
    <ClCompile Include="libs\qCC_io\PlyFilter.cpp">
      <Filter>Source Files</Filter>
    </ClCompile>
    <ClCompile Include="libs\qCC_io\PlyOpenDlg.cpp">
      <Filter>Source Files</Filter>
    </ClCompile>
    <ClCompile Include="GeneratedFiles\Debug\moc_PlyOpenDlg.cpp">
      <Filter>Generated Files\Debug</Filter>
    </ClCompile>
    <ClCompile Include="GeneratedFiles\Release\moc_PlyOpenDlg.cpp">
      <Filter>Generated Files\Release</Filter>
    </ClCompile>
    <ClCompile Include="libs\qCC_io\PNFilter.cpp">
      <Filter>Source Files</Filter>
    </ClCompile>
    <ClCompile Include="libs\qCC_io\PovFilter.cpp">
      <Filter>Source Files</Filter>
    </ClCompile>
    <ClCompile Include="libs\qCC_io\PTXFilter.cpp">
      <Filter>Source Files</Filter>
    </ClCompile>
    <ClCompile Include="libs\qCC_io\PVFilter.cpp">
      <Filter>Source Files</Filter>
    </ClCompile>
    <ClCompile Include="libs\qCC_io\RasterGridFilter.cpp">
      <Filter>Source Files</Filter>
    </ClCompile>
    <ClCompile Include="libs\qCC_io\rply.c">
      <Filter>Source Files</Filter>
    </ClCompile>
    <ClCompile Include="libs\qCC_io\SalomeHydroFilter.cpp">
      <Filter>Source Files</Filter>
    </ClCompile>
    <ClCompile Include="libs\qCC_io\ShpFilter.cpp">
      <Filter>Source Files</Filter>
    </ClCompile>
    <ClCompile Include="libs\qCC_io\SinusxFilter.cpp">
      <Filter>Source Files</Filter>
    </ClCompile>
    <ClCompile Include="libs\qCC_io\SoiFilter.cpp">
      <Filter>Source Files</Filter>
    </ClCompile>
    <ClCompile Include="libs\qCC_io\STLFilter.cpp">
      <Filter>Source Files</Filter>
    </ClCompile>
    <ClCompile Include="libs\qCC_io\VTKFilter.cpp">
      <Filter>Source Files</Filter>
    </ClCompile>
    <ClCompile Include="libs\qCC_io\X3DFilter.cpp">
      <Filter>Source Files</Filter>
    </ClCompile>
    <ClCompile Include="libs\qCC_io\X3DXIOTNodeHandler.cpp">
      <Filter>Source Files</Filter>
    </ClCompile>
    <ClCompile Include="libs\qCC_db\ccGriddedTools.cpp">
      <Filter>Source Files</Filter>
    </ClCompile>
    <ClCompile Include="ccCommandLineParser.cpp">
      <Filter>Source Files</Filter>
    </ClCompile>
    <ClCompile Include="ccCommon.cpp">
      <Filter>Source Files</Filter>
    </ClCompile>
    <ClCompile Include="ccConsole.cpp">
      <Filter>Source Files</Filter>
    </ClCompile>
    <ClCompile Include="GeneratedFiles\Debug\moc_ccConsole.cpp">
      <Filter>Generated Files\Debug</Filter>
    </ClCompile>
    <ClCompile Include="GeneratedFiles\Release\moc_ccConsole.cpp">
      <Filter>Generated Files\Release</Filter>
    </ClCompile>
    <ClCompile Include="ccComparisonDlg.cpp">
      <Filter>Source Files</Filter>
    </ClCompile>
    <ClCompile Include="GeneratedFiles\Debug\moc_ccComparisonDlg.cpp">
      <Filter>Generated Files\Debug</Filter>
    </ClCompile>
    <ClCompile Include="GeneratedFiles\Release\moc_ccComparisonDlg.cpp">
      <Filter>Generated Files\Release</Filter>
    </ClCompile>
    <ClCompile Include="ccRegistrationTools.cpp">
      <Filter>Source Files</Filter>
    </ClCompile>
    <ClCompile Include="ccCropTool.cpp">
      <Filter>Source Files</Filter>
    </ClCompile>
    <ClCompile Include="ccRegistrationDlg.cpp">
      <Filter>Header Files</Filter>
    </ClCompile>
    <ClCompile Include="GeneratedFiles\Debug\moc_ccRegistrationDlg.cpp">
      <Filter>Generated Files\Debug</Filter>
    </ClCompile>
    <ClCompile Include="GeneratedFiles\Release\moc_ccRegistrationDlg.cpp">
      <Filter>Generated Files\Release</Filter>
    </ClCompile>
    <ClCompile Include="GeneratedFiles\Debug\moc_ccCameraParamEditDlg.cpp">
      <Filter>Generated Files\Debug</Filter>
    </ClCompile>
    <ClCompile Include="GeneratedFiles\Release\moc_ccCameraParamEditDlg.cpp">
      <Filter>Generated Files\Release</Filter>
    </ClCompile>
    <ClCompile Include="ccCameraParamEditDlg.cpp">
      <Filter>Source Files</Filter>
    </ClCompile>
    <ClCompile Include="ccOverlayDialog.cpp">
      <Filter>Source Files</Filter>
    </ClCompile>
    <ClCompile Include="GeneratedFiles\Debug\moc_ccOverlayDialog.cpp">
      <Filter>Generated Files\Debug</Filter>
    </ClCompile>
    <ClCompile Include="GeneratedFiles\Release\moc_ccOverlayDialog.cpp">
      <Filter>Generated Files\Release</Filter>
    </ClCompile>
    <ClCompile Include="ccCamSensorProjectionDlg.cpp">
      <Filter>Source Files</Filter>
    </ClCompile>
    <ClCompile Include="PMVSCamFilter.cpp">
      <Filter>Source Files</Filter>
    </ClCompile>
    <ClCompile Include="GeneratedFiles\Debug\moc_PMVSCamOpenDlg.cpp">
      <Filter>Generated Files\Debug</Filter>
    </ClCompile>
    <ClCompile Include="GeneratedFiles\Release\moc_PMVSCamOpenDlg.cpp">
      <Filter>Generated Files\Release</Filter>
    </ClCompile>
    <ClCompile Include="PMVSCamOpenDlg.cpp">
      <Filter>Source Files</Filter>
    </ClCompile>
    <ClCompile Include="PointCloudGenDlg.cpp">
      <Filter>Source Files</Filter>
    </ClCompile>
    <ClCompile Include="GeneratedFiles\Debug\moc_PointCloudGenDlg.cpp">
      <Filter>Generated Files\Debug</Filter>
    </ClCompile>
    <ClCompile Include="GeneratedFiles\Release\moc_PointCloudGenDlg.cpp">
      <Filter>Generated Files\Release</Filter>
    </ClCompile>
    <ClCompile Include="PointCloudGenProgressDlg.cpp">
      <Filter>Source Files</Filter>
    </ClCompile>
    <ClCompile Include="GeneratedFiles\Debug\moc_PointCloudGenProgressDlg.cpp">
      <Filter>Generated Files\Debug</Filter>
    </ClCompile>
    <ClCompile Include="GeneratedFiles\Release\moc_PointCloudGenProgressDlg.cpp">
      <Filter>Generated Files\Release</Filter>
    </ClCompile>
  </ItemGroup>
  <ItemGroup>
    <CustomBuild Include="mainwindow.h">
      <Filter>Header Files</Filter>
    </CustomBuild>
    <CustomBuild Include="mainwindow.qrc">
      <Filter>Resource Files</Filter>
    </CustomBuild>
    <CustomBuild Include="ui_templates\mainwindow.ui">
      <Filter>Form Files</Filter>
    </CustomBuild>
    <CustomBuild Include="ui_templates\sfEditDlg.ui">
      <Filter>Form Files</Filter>
    </CustomBuild>
    <CustomBuild Include="ui_templates\matrixDisplayDlg.ui">
      <Filter>Form Files</Filter>
    </CustomBuild>
    <CustomBuild Include="ui_templates\colorScaleEditorDlg.ui">
      <Filter>Form Files</Filter>
    </CustomBuild>
    <CustomBuild Include="ccColorScaleEditorDlg.h">
      <Filter>Header Files</Filter>
    </CustomBuild>
    <CustomBuild Include="ccColorScaleSelector.h">
      <Filter>Header Files</Filter>
    </CustomBuild>
    <CustomBuild Include="ccColorScaleEditorWidget.h">
      <Filter>Header Files</Filter>
    </CustomBuild>
    <CustomBuild Include="ccDisplayOptionsDlg.h">
      <Filter>Header Files</Filter>
    </CustomBuild>
    <CustomBuild Include="ui_templates\displayOptionsDlg.ui">
      <Filter>Form Files</Filter>
    </CustomBuild>
    <CustomBuild Include="ccHistogramWindow.h">
      <Filter>Header Files</Filter>
    </CustomBuild>
    <CustomBuild Include="ui_templates\histogramDlg.ui">
      <Filter>Form Files</Filter>
    </CustomBuild>
    <CustomBuild Include="libs\qcustomplot\qcustomplot.h">
      <Filter>Header Files</Filter>
    </CustomBuild>
    <CustomBuild Include="libs\qCC_glWindow\ccGLWindow.h">
      <Filter>Header Files</Filter>
    </CustomBuild>
    <CustomBuild Include="libs\qCC_db\ccProgressDialog.h">
      <Filter>Header Files</Filter>
    </CustomBuild>
    <CustomBuild Include="libs\qCC_db\ccOctree.h">
      <Filter>Header Files</Filter>
    </CustomBuild>
    <CustomBuild Include="libs\qCC_db\ccClipBox.h">
      <Filter>Header Files</Filter>
    </CustomBuild>
    <CustomBuild Include="db_tree\matrixDisplayDlg.h">
      <Filter>Header Files</Filter>
    </CustomBuild>
    <CustomBuild Include="db_tree\sfEditDlg.h">
      <Filter>Header Files</Filter>
    </CustomBuild>
    <CustomBuild Include="db_tree\ccDBRoot.h">
      <Filter>Header Files</Filter>
    </CustomBuild>
    <CustomBuild Include="db_tree\ccPropertiesTreeDelegate.h">
      <Filter>Header Files</Filter>
    </CustomBuild>
    <CustomBuild Include="libs\qCC_io\ui_templates\globalShiftAndScaleAboutDlg.ui">
      <Filter>Form Files</Filter>
    </CustomBuild>
    <CustomBuild Include="libs\qCC_io\ui_templates\globalShiftAndScaleDlg.ui">
      <Filter>Form Files</Filter>
    </CustomBuild>
    <CustomBuild Include="libs\qCC_io\ui_templates\importDBFFieldDlg.ui">
      <Filter>Form Files</Filter>
    </CustomBuild>
    <CustomBuild Include="libs\qCC_io\ui_templates\openAsciiFileDlg.ui">
      <Filter>Form Files</Filter>
    </CustomBuild>
    <CustomBuild Include="libs\qCC_io\ui_templates\openBundlerFileDlg.ui">
      <Filter>Form Files</Filter>
    </CustomBuild>
    <CustomBuild Include="libs\qCC_io\ui_templates\openLASFileDlg.ui">
      <Filter>Form Files</Filter>
    </CustomBuild>
    <CustomBuild Include="libs\qCC_io\ui_templates\saveAsciiFileDlg.ui">
      <Filter>Form Files</Filter>
    </CustomBuild>
    <CustomBuild Include="libs\qCC_io\ui_templates\saveLASFileDlg.ui">
      <Filter>Form Files</Filter>
    </CustomBuild>
    <CustomBuild Include="libs\qCC_io\ui_templates\saveMascaretFileDlg.ui">
      <Filter>Form Files</Filter>
    </CustomBuild>
    <CustomBuild Include="libs\qCC_io\ui_templates\saveSHPFileDlg.ui">
      <Filter>Form Files</Filter>
    </CustomBuild>
    <CustomBuild Include="libs\qCC_io\AsciiOpenDlg.h">
      <Filter>Header Files</Filter>
    </CustomBuild>
    <CustomBuild Include="libs\qCC_io\AsciiSaveDlg.h">
      <Filter>Header Files</Filter>
    </CustomBuild>
    <CustomBuild Include="libs\qCC_io\BundlerImportDlg.h">
      <Filter>Header Files</Filter>
    </CustomBuild>
    <CustomBuild Include="libs\qCC_io\ccShiftAndScaleCloudDlg.h">
      <Filter>Header Files</Filter>
    </CustomBuild>
    <CustomBuild Include="libs\qCC_io\PlyOpenDlg.h">
      <Filter>Header Files</Filter>
    </CustomBuild>
    <CustomBuild Include="ui_templates\commandLineDlg.ui">
      <Filter>Form Files</Filter>
    </CustomBuild>
    <CustomBuild Include="ccConsole.h">
      <Filter>Header Files</Filter>
    </CustomBuild>
    <CustomBuild Include="ccComparisonDlg.h">
      <Filter>Header Files</Filter>
    </CustomBuild>
    <CustomBuild Include="ui_templates\comparisonDlg.ui">
      <Filter>Form Files</Filter>
    </CustomBuild>
    <CustomBuild Include="ccRegistrationDlg.h">
      <Filter>Header Files</Filter>
    </CustomBuild>
    <CustomBuild Include="ui_templates\registrationDlg.ui">
      <Filter>Form Files</Filter>
    </CustomBuild>
    <CustomBuild Include="ccCameraParamEditDlg.h">
      <Filter>Header Files</Filter>
    </CustomBuild>
    <CustomBuild Include="ccOverlayDialog.h">
      <Filter>Header Files</Filter>
    </CustomBuild>
    <CustomBuild Include="ui_templates\cameraParamDlg.ui">
      <Filter>Form Files</Filter>
    </CustomBuild>
    <CustomBuild Include="ui_templates\openPLYFileDlg.ui">
      <Filter>Form Files</Filter>
    </CustomBuild>
    <CustomBuild Include="ui_templates\camSensorProjectDlg.ui">
      <Filter>Form Files</Filter>
    </CustomBuild>
    <CustomBuild Include="ui_templates\openPMVSCamFileDlg.ui">
      <Filter>Form Files</Filter>
    </CustomBuild>
    <CustomBuild Include="PMVSCamOpenDlg.h">
      <Filter>Header Files</Filter>
    </CustomBuild>
    <CustomBuild Include="ui_templates\PointCloudGenDlg.ui">
      <Filter>Form Files</Filter>
    </CustomBuild>
    <CustomBuild Include="PointCloudGenDlg.h">
      <Filter>Header Files</Filter>
    </CustomBuild>
    <CustomBuild Include="ui_templates\PointCloudGenProcessDlg.ui">
      <Filter>Form Files</Filter>
    </CustomBuild>
    <CustomBuild Include="PointCloudGenProgressDlg.h">
      <Filter>Header Files</Filter>
    </CustomBuild>
  </ItemGroup>
  <ItemGroup>
    <ClInclude Include="GeneratedFiles\ui_mainwindow.h">
      <Filter>Generated Files</Filter>
    </ClInclude>
    <ClInclude Include="GeneratedFiles\ui_sfEditDlg.h">
      <Filter>Generated Files</Filter>
    </ClInclude>
    <ClInclude Include="GeneratedFiles\ui_matrixDisplayDlg.h">
      <Filter>Generated Files</Filter>
    </ClInclude>
    <ClInclude Include="GeneratedFiles\ui_colorScaleEditorDlg.h">
      <Filter>Generated Files</Filter>
    </ClInclude>
    <ClInclude Include="GeneratedFiles\ui_displayOptionsDlg.h">
      <Filter>Generated Files</Filter>
    </ClInclude>
    <ClInclude Include="libs\CCFbo\include\ccBilateralFilter.h">
      <Filter>Header Files</Filter>
    </ClInclude>
    <ClInclude Include="GeneratedFiles\ui_histogramDlg.h">
      <Filter>Generated Files</Filter>
    </ClInclude>
    <ClInclude Include="ccQCustomPlot.h">
      <Filter>Header Files</Filter>
    </ClInclude>
    <ClInclude Include="IGIT\src\Chi2Helper.h">
      <Filter>Source Files</Filter>
    </ClInclude>
    <ClInclude Include="IGIT\include\AutoSegmentationTools.h">
      <Filter>Header Files</Filter>
    </ClInclude>
    <ClInclude Include="IGIT\include\CCConst.h">
      <Filter>Header Files</Filter>
    </ClInclude>
    <ClInclude Include="IGIT\include\CCCoreLib.h">
      <Filter>Header Files</Filter>
    </ClInclude>
    <ClInclude Include="IGIT\include\CCGeom.h">
      <Filter>Header Files</Filter>
    </ClInclude>
    <ClInclude Include="IGIT\include\CCMiscTools.h">
      <Filter>Header Files</Filter>
    </ClInclude>
    <ClInclude Include="IGIT\include\CCPlatform.h">
      <Filter>Header Files</Filter>
    </ClInclude>
    <ClInclude Include="IGIT\include\ccQCustomPlot.h">
      <Filter>Header Files</Filter>
    </ClInclude>
    <ClInclude Include="IGIT\include\CCShareable.h">
      <Filter>Header Files</Filter>
    </ClInclude>
    <ClInclude Include="IGIT\include\CCToolbox.h">
      <Filter>Header Files</Filter>
    </ClInclude>
    <ClInclude Include="IGIT\include\CCTypes.h">
      <Filter>Header Files</Filter>
    </ClInclude>
    <ClInclude Include="IGIT\include\ChamferDistanceTransform.h">
      <Filter>Header Files</Filter>
    </ClInclude>
    <ClInclude Include="IGIT\include\ChunkedPointCloud.h">
      <Filter>Header Files</Filter>
    </ClInclude>
    <ClInclude Include="IGIT\include\CloudSamplingTools.h">
      <Filter>Header Files</Filter>
    </ClInclude>
    <ClInclude Include="IGIT\include\ConjugateGradient.h">
      <Filter>Header Files</Filter>
    </ClInclude>
    <ClInclude Include="IGIT\include\DebugProgressCallback.h">
      <Filter>Header Files</Filter>
    </ClInclude>
    <ClInclude Include="IGIT\include\Delaunay2dMesh.h">
      <Filter>Header Files</Filter>
    </ClInclude>
    <ClInclude Include="IGIT\include\DgmOctree.h">
      <Filter>Header Files</Filter>
    </ClInclude>
    <ClInclude Include="IGIT\include\DgmOctreeReferenceCloud.h">
      <Filter>Header Files</Filter>
    </ClInclude>
    <ClInclude Include="IGIT\include\DistanceComputationTools.h">
      <Filter>Header Files</Filter>
    </ClInclude>
    <ClInclude Include="IGIT\include\ErrorFunction.h">
      <Filter>Header Files</Filter>
    </ClInclude>
    <ClInclude Include="IGIT\include\FastMarching.h">
      <Filter>Header Files</Filter>
    </ClInclude>
    <ClInclude Include="IGIT\include\FastMarchingForPropagation.h">
      <Filter>Header Files</Filter>
    </ClInclude>
    <ClInclude Include="IGIT\include\Garbage.h">
      <Filter>Header Files</Filter>
    </ClInclude>
    <ClInclude Include="IGIT\include\GenericChunkedArray.h">
      <Filter>Header Files</Filter>
    </ClInclude>
    <ClInclude Include="IGIT\include\GenericCloud.h">
      <Filter>Header Files</Filter>
    </ClInclude>
    <ClInclude Include="IGIT\include\GenericDistribution.h">
      <Filter>Header Files</Filter>
    </ClInclude>
    <ClInclude Include="IGIT\include\GenericIndexedCloud.h">
      <Filter>Header Files</Filter>
    </ClInclude>
    <ClInclude Include="IGIT\include\GenericIndexedCloudPersist.h">
      <Filter>Header Files</Filter>
    </ClInclude>
    <ClInclude Include="IGIT\include\GenericIndexedMesh.h">
      <Filter>Header Files</Filter>
    </ClInclude>
    <ClInclude Include="IGIT\include\GenericMesh.h">
      <Filter>Header Files</Filter>
    </ClInclude>
    <ClInclude Include="IGIT\include\GenericOctree.h">
      <Filter>Header Files</Filter>
    </ClInclude>
    <ClInclude Include="IGIT\include\GenericProgressCallback.h">
      <Filter>Header Files</Filter>
    </ClInclude>
    <ClInclude Include="IGIT\include\GenericTriangle.h">
      <Filter>Header Files</Filter>
    </ClInclude>
    <ClInclude Include="IGIT\include\GeometricalAnalysisTools.h">
      <Filter>Header Files</Filter>
    </ClInclude>
    <ClInclude Include="IGIT\include\KdTree.h">
      <Filter>Header Files</Filter>
    </ClInclude>
    <ClInclude Include="IGIT\include\LocalModel.h">
      <Filter>Header Files</Filter>
    </ClInclude>
    <ClInclude Include="IGIT\include\ManualSegmentationTools.h">
      <Filter>Header Files</Filter>
    </ClInclude>
    <ClInclude Include="IGIT\include\MathTools.h">
      <Filter>Header Files</Filter>
    </ClInclude>
    <ClInclude Include="IGIT\include\Matrix.h">
      <Filter>Header Files</Filter>
    </ClInclude>
    <ClInclude Include="IGIT\include\MeshSamplingTools.h">
      <Filter>Header Files</Filter>
    </ClInclude>
    <ClInclude Include="IGIT\include\Neighbourhood.h">
      <Filter>Header Files</Filter>
    </ClInclude>
    <ClInclude Include="IGIT\include\NormalDistribution.h">
      <Filter>Header Files</Filter>
    </ClInclude>
    <ClInclude Include="IGIT\include\PointProjectionTools.h">
      <Filter>Header Files</Filter>
    </ClInclude>
    <ClInclude Include="IGIT\include\Polyline.h">
      <Filter>Header Files</Filter>
    </ClInclude>
    <ClInclude Include="IGIT\include\ReferenceCloud.h">
      <Filter>Header Files</Filter>
    </ClInclude>
    <ClInclude Include="IGIT\include\RegistrationTools.h">
      <Filter>Header Files</Filter>
    </ClInclude>
    <ClInclude Include="IGIT\include\ScalarField.h">
      <Filter>Header Files</Filter>
    </ClInclude>
    <ClInclude Include="IGIT\include\ScalarFieldTools.h">
      <Filter>Header Files</Filter>
    </ClInclude>
    <ClInclude Include="IGIT\include\SimpleCloud.h">
      <Filter>Header Files</Filter>
    </ClInclude>
    <ClInclude Include="IGIT\include\SimpleMesh.h">
      <Filter>Header Files</Filter>
    </ClInclude>
    <ClInclude Include="IGIT\include\SimpleTriangle.h">
      <Filter>Header Files</Filter>
    </ClInclude>
    <ClInclude Include="IGIT\include\StatisticalTestingTools.h">
      <Filter>Header Files</Filter>
    </ClInclude>
    <ClInclude Include="IGIT\include\TrueKdTree.h">
      <Filter>Header Files</Filter>
    </ClInclude>
    <ClInclude Include="IGIT\include\WeibullDistribution.h">
      <Filter>Header Files</Filter>
    </ClInclude>
    <ClInclude Include="GeneratedFiles\ui_globalShiftAndScaleAboutDlg.h">
      <Filter>Generated Files</Filter>
    </ClInclude>
    <ClInclude Include="GeneratedFiles\ui_globalShiftAndScaleDlg.h">
      <Filter>Generated Files</Filter>
    </ClInclude>
    <ClInclude Include="GeneratedFiles\ui_importDBFFieldDlg.h">
      <Filter>Generated Files</Filter>
    </ClInclude>
    <ClInclude Include="GeneratedFiles\ui_openAsciiFileDlg.h">
      <Filter>Generated Files</Filter>
    </ClInclude>
    <ClInclude Include="GeneratedFiles\ui_openBundlerFileDlg.h">
      <Filter>Generated Files</Filter>
    </ClInclude>
    <ClInclude Include="GeneratedFiles\ui_openLASFileDlg.h">
      <Filter>Generated Files</Filter>
    </ClInclude>
    <ClInclude Include="GeneratedFiles\ui_saveAsciiFileDlg.h">
      <Filter>Generated Files</Filter>
    </ClInclude>
    <ClInclude Include="GeneratedFiles\ui_saveLASFileDlg.h">
      <Filter>Generated Files</Filter>
    </ClInclude>
    <ClInclude Include="GeneratedFiles\ui_saveMascaretFileDlg.h">
      <Filter>Generated Files</Filter>
    </ClInclude>
    <ClInclude Include="GeneratedFiles\ui_saveSHPFileDlg.h">
      <Filter>Generated Files</Filter>
    </ClInclude>
    <ClInclude Include="libs\qCC_io\AsciiFilter.h">
      <Filter>Header Files</Filter>
    </ClInclude>
    <ClInclude Include="libs\qCC_io\BinFilter.h">
      <Filter>Header Files</Filter>
    </ClInclude>
    <ClInclude Include="libs\qCC_io\BundlerFilter.h">
      <Filter>Header Files</Filter>
    </ClInclude>
    <ClInclude Include="libs\qCC_io\ccGlobalShiftManager.h">
      <Filter>Header Files</Filter>
    </ClInclude>
    <ClInclude Include="libs\qCC_io\DepthMapFileFilter.h">
      <Filter>Header Files</Filter>
    </ClInclude>
    <ClInclude Include="libs\qCC_io\DxfFilter.h">
      <Filter>Header Files</Filter>
    </ClInclude>
    <ClInclude Include="libs\qCC_io\E57Filter.h">
      <Filter>Header Files</Filter>
    </ClInclude>
    <ClInclude Include="libs\qCC_io\E57Header.h">
      <Filter>Header Files</Filter>
    </ClInclude>
    <ClInclude Include="libs\qCC_io\FBXFilter.h">
      <Filter>Header Files</Filter>
    </ClInclude>
    <ClInclude Include="libs\qCC_io\FileIOFilter.h">
      <Filter>Header Files</Filter>
    </ClInclude>
    <ClInclude Include="libs\qCC_io\IcmFilter.h">
      <Filter>Header Files</Filter>
    </ClInclude>
    <ClInclude Include="libs\qCC_io\ImageFileFilter.h">
      <Filter>Header Files</Filter>
    </ClInclude>
    <ClInclude Include="libs\qCC_io\LASFilter.h">
      <Filter>Header Files</Filter>
    </ClInclude>
    <ClInclude Include="libs\qCC_io\LASOpenDlg.h">
      <Filter>Header Files</Filter>
    </ClInclude>
    <ClInclude Include="libs\qCC_io\MAFilter.h">
      <Filter>Header Files</Filter>
    </ClInclude>
    <ClInclude Include="libs\qCC_io\MascaretFilter.h">
      <Filter>Header Files</Filter>
    </ClInclude>
    <ClInclude Include="libs\qCC_io\ObjFilter.h">
      <Filter>Header Files</Filter>
    </ClInclude>
    <ClInclude Include="libs\qCC_io\OFFFilter.h">
      <Filter>Header Files</Filter>
    </ClInclude>
    <ClInclude Include="libs\qCC_io\PlyFilter.h">
      <Filter>Header Files</Filter>
    </ClInclude>
    <ClInclude Include="libs\qCC_io\PNFilter.h">
      <Filter>Header Files</Filter>
    </ClInclude>
    <ClInclude Include="libs\qCC_io\PovFilter.h">
      <Filter>Header Files</Filter>
    </ClInclude>
    <ClInclude Include="libs\qCC_io\PTXFilter.h">
      <Filter>Header Files</Filter>
    </ClInclude>
    <ClInclude Include="libs\qCC_io\PVFilter.h">
      <Filter>Header Files</Filter>
    </ClInclude>
    <ClInclude Include="libs\qCC_io\qCC_io.h">
      <Filter>Header Files</Filter>
    </ClInclude>
    <ClInclude Include="libs\qCC_io\RasterGridFilter.h">
      <Filter>Header Files</Filter>
    </ClInclude>
    <ClInclude Include="libs\qCC_io\rply.h">
      <Filter>Header Files</Filter>
    </ClInclude>
    <ClInclude Include="libs\qCC_io\SalomeHydroFilter.h">
      <Filter>Header Files</Filter>
    </ClInclude>
    <ClInclude Include="libs\qCC_io\ShpFilter.h">
      <Filter>Header Files</Filter>
    </ClInclude>
    <ClInclude Include="libs\qCC_io\SinusxFilter.h">
      <Filter>Header Files</Filter>
    </ClInclude>
    <ClInclude Include="libs\qCC_io\SoiFilter.h">
      <Filter>Header Files</Filter>
    </ClInclude>
    <ClInclude Include="libs\qCC_io\STLFilter.h">
      <Filter>Header Files</Filter>
    </ClInclude>
    <ClInclude Include="libs\qCC_io\VTKFilter.h">
      <Filter>Header Files</Filter>
    </ClInclude>
    <ClInclude Include="libs\qCC_io\X3DFilter.h">
      <Filter>Header Files</Filter>
    </ClInclude>
    <ClInclude Include="libs\qCC_io\X3DXIOTNodeHandler.h">
      <Filter>Header Files</Filter>
    </ClInclude>
    <ClInclude Include="ccCommandLineParser.h">
      <Filter>Header Files</Filter>
    </ClInclude>
    <ClInclude Include="ccCommon.h">
      <Filter>Header Files</Filter>
    </ClInclude>
    <ClInclude Include="GeneratedFiles\ui_commandLineDlg.h">
      <Filter>Generated Files</Filter>
    </ClInclude>
    <ClInclude Include="GeneratedFiles\ui_comparisonDlg.h">
      <Filter>Generated Files</Filter>
    </ClInclude>
    <ClInclude Include="ccRegistrationTools.h">
      <Filter>Header Files</Filter>
    </ClInclude>
    <ClInclude Include="ccCropTool.h">
      <Filter>Header Files</Filter>
    </ClInclude>
    <ClInclude Include="GeneratedFiles\ui_registrationDlg.h">
      <Filter>Generated Files</Filter>
    </ClInclude>
    <ClInclude Include="GeneratedFiles\ui_cameraParamDlg.h">
      <Filter>Generated Files</Filter>
    </ClInclude>
    <ClInclude Include="GeneratedFiles\ui_openPLYFileDlg.h">
      <Filter>Generated Files</Filter>
    </ClInclude>
    <ClInclude Include="libs\qCC_db\ccCameraSensor.h">
      <Filter>Header Files</Filter>
    </ClInclude>
    <ClInclude Include="ccCamSensorProjectionDlg.h">
      <Filter>Header Files</Filter>
    </ClInclude>
    <ClInclude Include="GeneratedFiles\ui_camSensorProjectDlg.h">
      <Filter>Generated Files</Filter>
    </ClInclude>
    <ClInclude Include="ccCustomDoubleValidator.h">
      <Filter>Header Files</Filter>
    </ClInclude>
    <ClInclude Include="PMVSCamFilter.h">
      <Filter>Header Files</Filter>
    </ClInclude>
    <ClInclude Include="GeneratedFiles\ui_openPMVSCamFileDlg.h">
      <Filter>Generated Files</Filter>
    </ClInclude>
    <ClInclude Include="GeneratedFiles\ui_PointCloudGenDlg.h">
      <Filter>Generated Files</Filter>
    </ClInclude>
    <ClInclude Include="GeneratedFiles\ui_PointCloudGenProcessDlg.h">
      <Filter>Generated Files</Filter>
    </ClInclude>
  </ItemGroup>
  <ItemGroup>
    <None Include="libs\qCC_io\CMakeLists.txt" />
    <None Include="ClassDiagram1.cd" />
  </ItemGroup>
</Project>